<?xml version="1.0" encoding="utf-8"?>
<Project ToolsVersion="4.0" xmlns="http://schemas.microsoft.com/developer/msbuild/2003">
  <ItemGroup>
    <ClInclude Include="pch.h" />
    <ClInclude Include="..\include\IMemoryManager.h">
      <Filter>AddIn</Filter>
    </ClInclude>
    <ClInclude Include="..\include\types.h">
      <Filter>AddIn</Filter>
    </ClInclude>
    <ClInclude Include="..\include\AddInDefBase.h">
      <Filter>AddIn</Filter>
    </ClInclude>
    <ClInclude Include="..\include\addinlib.h">
      <Filter>AddIn</Filter>
    </ClInclude>
    <ClInclude Include="..\include\com.h">
      <Filter>AddIn</Filter>
    </ClInclude>
    <ClInclude Include="..\include\ComponentBase.h">
      <Filter>AddIn</Filter>
    </ClInclude>
    <ClInclude Include="..\include\IAndroidComponentHelper.h">
      <Filter>AddIn</Filter>
    </ClInclude>
    <ClInclude Include="..\jni\jnienv.h">
      <Filter>jni</Filter>
    </ClInclude>
    <ClInclude Include="ConversionWchar.h" />
    <ClInclude Include="AddInNative.h" />
    <ClInclude Include="SendData.h" />
    <ClInclude Include="Compressor.h" />
    <ClInclude Include="Json.h" />
    <ClInclude Include="FileWorks.h" />
    <ClInclude Include="sqlite3.h" />
    <ClInclude Include="Sqlite3_1c.h" />
    <ClInclude Include="..\smb2\md4.h">
      <Filter>smb2\Header Files</Filter>
    </ClInclude>
    <ClInclude Include="..\smb2\md5.h">
      <Filter>smb2\Header Files</Filter>
    </ClInclude>
    <ClInclude Include="..\smb2\ntlmssp.h">
      <Filter>smb2\Header Files</Filter>
    </ClInclude>
    <ClInclude Include="..\smb2\portable-endian.h">
      <Filter>smb2\Header Files</Filter>
    </ClInclude>
    <ClInclude Include="..\smb2\sha.h">
      <Filter>smb2\Header Files</Filter>
    </ClInclude>
    <ClInclude Include="..\smb2\sha-private.h">
      <Filter>smb2\Header Files</Filter>
    </ClInclude>
    <ClInclude Include="..\smb2\slist.h">
      <Filter>smb2\Header Files</Filter>
    </ClInclude>
    <ClInclude Include="..\smb2\smb2-signing.h">
      <Filter>smb2\Header Files</Filter>
    </ClInclude>
    <ClInclude Include="..\smb2\smb3-seal.h">
      <Filter>smb2\Header Files</Filter>
    </ClInclude>
    <ClInclude Include="..\smb2\aes.h">
      <Filter>smb2\Header Files</Filter>
    </ClInclude>
    <ClInclude Include="..\smb2\aes128ccm.h">
      <Filter>smb2\Header Files</Filter>
    </ClInclude>
    <ClInclude Include="..\smb2\compat.h">
      <Filter>smb2\Header Files</Filter>
    </ClInclude>
    <ClInclude Include="..\smb2\hmac-md5.h">
      <Filter>smb2\Header Files</Filter>
    </ClInclude>
    <ClInclude Include="..\smb2\krb5-wrapper.h">
      <Filter>smb2\Header Files</Filter>
    </ClInclude>
    <ClInclude Include="..\smb2\include\smb2\smb2.h">
      <Filter>smb2\Header Files</Filter>
    </ClInclude>
    <ClInclude Include="smb2.h" />
  </ItemGroup>
  <ItemGroup>
    <Filter Include="AddIn">
      <UniqueIdentifier>{1e06421d-76a4-444d-afee-127c7f5ef659}</UniqueIdentifier>
    </Filter>
    <Filter Include="jni">
      <UniqueIdentifier>{7f683bce-596c-489e-979a-db7d9f7d8531}</UniqueIdentifier>
    </Filter>
    <Filter Include="Package">
      <UniqueIdentifier>{98d1717e-51e8-4d2f-b1f7-34e7a52437dc}</UniqueIdentifier>
    </Filter>
    <Filter Include="smb2">
      <UniqueIdentifier>{53907312-3f8f-4bc7-abd2-95d2e63b60e2}</UniqueIdentifier>
    </Filter>
    <Filter Include="smb2\Header Files">
      <UniqueIdentifier>{0d660709-1311-4489-8ba5-034af45cc86f}</UniqueIdentifier>
    </Filter>
    <Filter Include="smb2\Source Files">
      <UniqueIdentifier>{0a515f35-3b74-4909-be79-c4d30505a5e8}</UniqueIdentifier>
    </Filter>
  </ItemGroup>
  <ItemGroup>
    <ClCompile Include="..\jni\jnienv.cpp">
      <Filter>jni</Filter>
    </ClCompile>
    <ClCompile Include="AddInNative.cpp" />
    <ClCompile Include="ConversionWchar.cpp" />
    <ClCompile Include="SendData.cpp" />
    <ClCompile Include="Compressor.cpp" />
    <ClCompile Include="Json.cpp" />
    <ClCompile Include="FileWorks.cpp" />
    <ClCompile Include="Sqlite3_1c.cpp" />
    <ClCompile Include="sqlite3.c" />
    <ClCompile Include="..\smb2\smb2-cmd-tree-disconnect.c">
      <Filter>smb2\Source Files</Filter>
    </ClCompile>
    <ClCompile Include="..\smb2\smb2-cmd-write.c">
      <Filter>smb2\Source Files</Filter>
    </ClCompile>
    <ClCompile Include="..\smb2\smb2-data-file-info.c">
      <Filter>smb2\Source Files</Filter>
    </ClCompile>
    <ClCompile Include="..\smb2\smb2-data-filesystem-info.c">
      <Filter>smb2\Source Files</Filter>
    </ClCompile>
    <ClCompile Include="..\smb2\smb2-data-reparse-point.c">
      <Filter>smb2\Source Files</Filter>
    </ClCompile>
    <ClCompile Include="..\smb2\smb2-data-security-descriptor.c">
      <Filter>smb2\Source Files</Filter>
    </ClCompile>
    <ClCompile Include="..\smb2\smb2-share-enum.c">
      <Filter>smb2\Source Files</Filter>
    </ClCompile>
    <ClCompile Include="..\smb2\smb2-signing.c">
      <Filter>smb2\Source Files</Filter>
    </ClCompile>
    <ClCompile Include="..\smb2\smb3-seal.c">
      <Filter>smb2\Source Files</Filter>
    </ClCompile>
    <ClCompile Include="..\smb2\socket.c">
      <Filter>smb2\Source Files</Filter>
    </ClCompile>
    <ClCompile Include="..\smb2\sync.c">
      <Filter>smb2\Source Files</Filter>
    </ClCompile>
    <ClCompile Include="..\smb2\timestamps.c">
      <Filter>smb2\Source Files</Filter>
    </ClCompile>
    <ClCompile Include="..\smb2\unicode.c">
      <Filter>smb2\Source Files</Filter>
    </ClCompile>
    <ClCompile Include="..\smb2\usha.c">
      <Filter>smb2\Source Files</Filter>
    </ClCompile>
    <ClCompile Include="..\smb2\aes.c">
      <Filter>smb2\Source Files</Filter>
    </ClCompile>
    <ClCompile Include="..\smb2\aes128ccm.c">
      <Filter>smb2\Source Files</Filter>
    </ClCompile>
    <ClCompile Include="..\smb2\aes128ccm-test.c">
      <Filter>smb2\Source Files</Filter>
    </ClCompile>
    <ClCompile Include="..\smb2\alloc.c">
      <Filter>smb2\Source Files</Filter>
    </ClCompile>
    <ClCompile Include="..\smb2\compat.c">
      <Filter>smb2\Source Files</Filter>
    </ClCompile>
    <ClCompile Include="..\smb2\dcerpc.c">
      <Filter>smb2\Source Files</Filter>
    </ClCompile>
    <ClCompile Include="..\smb2\dcerpc-lsa.c">
      <Filter>smb2\Source Files</Filter>
    </ClCompile>
    <ClCompile Include="..\smb2\dcerpc-srvsvc.c">
      <Filter>smb2\Source Files</Filter>
    </ClCompile>
    <ClCompile Include="..\smb2\errors.c">
      <Filter>smb2\Source Files</Filter>
    </ClCompile>
    <ClCompile Include="..\smb2\hmac.c">
      <Filter>smb2\Source Files</Filter>
    </ClCompile>
    <ClCompile Include="..\smb2\hmac-md5.c">
      <Filter>smb2\Source Files</Filter>
    </ClCompile>
    <ClCompile Include="..\smb2\init.c">
      <Filter>smb2\Source Files</Filter>
    </ClCompile>
    <ClCompile Include="..\smb2\krb5-wrapper.c">
      <Filter>smb2\Source Files</Filter>
    </ClCompile>
    <ClCompile Include="..\smb2\libsmb2.c">
      <Filter>smb2\Source Files</Filter>
    </ClCompile>
    <ClCompile Include="..\smb2\md4c.c">
      <Filter>smb2\Source Files</Filter>
    </ClCompile>
    <ClCompile Include="..\smb2\md5.c">
      <Filter>smb2\Source Files</Filter>
    </ClCompile>
    <ClCompile Include="..\smb2\ntlmssp.c">
      <Filter>smb2\Source Files</Filter>
    </ClCompile>
    <ClCompile Include="..\smb2\pdu.c">
      <Filter>smb2\Source Files</Filter>
    </ClCompile>
    <ClCompile Include="..\smb2\sha1.c">
      <Filter>smb2\Source Files</Filter>
    </ClCompile>
    <ClCompile Include="..\smb2\sha224-256.c">
      <Filter>smb2\Source Files</Filter>
    </ClCompile>
    <ClCompile Include="..\smb2\sha384-512.c">
      <Filter>smb2\Source Files</Filter>
    </ClCompile>
    <ClCompile Include="..\smb2\smb2-cmd-close.c">
      <Filter>smb2\Source Files</Filter>
    </ClCompile>
    <ClCompile Include="..\smb2\smb2-cmd-create.c">
      <Filter>smb2\Source Files</Filter>
    </ClCompile>
    <ClCompile Include="..\smb2\smb2-cmd-echo.c">
      <Filter>smb2\Source Files</Filter>
    </ClCompile>
    <ClCompile Include="..\smb2\smb2-cmd-error.c">
      <Filter>smb2\Source Files</Filter>
    </ClCompile>
    <ClCompile Include="..\smb2\smb2-cmd-flush.c">
      <Filter>smb2\Source Files</Filter>
    </ClCompile>
    <ClCompile Include="..\smb2\smb2-cmd-ioctl.c">
      <Filter>smb2\Source Files</Filter>
    </ClCompile>
    <ClCompile Include="..\smb2\smb2-cmd-logoff.c">
      <Filter>smb2\Source Files</Filter>
    </ClCompile>
    <ClCompile Include="..\smb2\smb2-cmd-negotiate.c">
      <Filter>smb2\Source Files</Filter>
    </ClCompile>
    <ClCompile Include="..\smb2\smb2-cmd-query-directory.c">
      <Filter>smb2\Source Files</Filter>
    </ClCompile>
    <ClCompile Include="..\smb2\smb2-cmd-query-info.c">
      <Filter>smb2\Source Files</Filter>
    </ClCompile>
    <ClCompile Include="..\smb2\smb2-cmd-read.c">
      <Filter>smb2\Source Files</Filter>
    </ClCompile>
    <ClCompile Include="..\smb2\smb2-cmd-session-setup.c">
      <Filter>smb2\Source Files</Filter>
    </ClCompile>
    <ClCompile Include="..\smb2\smb2-cmd-set-info.c">
      <Filter>smb2\Source Files</Filter>
    </ClCompile>
    <ClCompile Include="..\smb2\smb2-cmd-tree-connect.c">
      <Filter>smb2\Source Files</Filter>
    </ClCompile>
    <ClCompile Include="smb2.cpp" />
  </ItemGroup>
  <ItemGroup>
    <Xml Include="..\Package\manifest.xml">
      <Filter>Package</Filter>
    </Xml>
  </ItemGroup>
</Project>